# THIS IS AN AUTOGENERATED FILE. DO NOT EDIT THIS FILE DIRECTLY.
# yarn lockfile v1


Base64@^0.3.0:
  version "0.3.0"
  resolved "https://registry.yarnpkg.com/Base64/-/Base64-0.3.0.tgz#6da261a4e80d4fa0f5c684254e5bccd16bbdce9f"

amp-extend@^1.0.1:
  version "1.0.1"
  resolved "https://registry.yarnpkg.com/amp-extend/-/amp-extend-1.0.1.tgz#6c543bee629c116b831857642f0ff940a15ae1ff"
  dependencies:
    amp-is-object "^1.0.0"

amp-is-object@^1.0.0:
  version "1.0.1"
  resolved "https://registry.yarnpkg.com/amp-is-object/-/amp-is-object-1.0.1.tgz#0a8cb5956b9112a16a73677e8cbad37bba247702"

blueimp-md5@^1.1.0:
  version "1.1.1"
  resolved "https://registry.yarnpkg.com/blueimp-md5/-/blueimp-md5-1.1.1.tgz#cf84ba18285f5c8835dae8ddae5af6468ceace17"

dateformat@^2.0.0:
  version "2.2.0"
  resolved "https://registry.yarnpkg.com/dateformat/-/dateformat-2.2.0.tgz#4065e2013cf9fb916ddfd82efb506ad4c6769062"
  integrity sha1-QGXiATz5+5Ft39gu+1Bq1MZ2kGI=

mixpanel-data-export@^2.0.2:
  version "2.0.2"
  resolved "https://registry.yarnpkg.com/mixpanel-data-export/-/mixpanel-data-export-2.0.2.tgz#59cdde95c36281d8f14c5a233ccb60bca2613994"
  dependencies:
    Base64 "^0.3.0"
    amp-extend "^1.0.1"
    blueimp-md5 "^1.1.0"
    q "^1.1.2"
    xmlhttprequest ">=1.5.0"

nagios-plugin@^0.1.2:
  version "0.1.2"
  resolved "https://registry.yarnpkg.com/nagios-plugin/-/nagios-plugin-0.1.2.tgz#7e4fc7c646ae652be6b83ebaba32b572aaabfa03"

node-getopt@^0.2.3:
  version "0.2.4"
  resolved "https://registry.yarnpkg.com/node-getopt/-/node-getopt-0.2.4.tgz#3afb554717e5479f4bb10eb7327504650811c7a2"

q@^1.1.2:
  version "1.5.1"
  resolved "https://registry.yarnpkg.com/q/-/q-1.5.1.tgz#7e32f75b41381291d04611f1bf14109ac00651d7"

xmlhttprequest@>=1.5.0:
  version "1.8.0"
  resolved "https://registry.yarnpkg.com/xmlhttprequest/-/xmlhttprequest-1.8.0.tgz#67fe075c5c24fef39f9d65f5f7b7fe75171968fc"
